// !$*UTF8*$!
{
	archiveVersion = 1;
	classes = {
	};
	objectVersion = 46;
	objects = {

/* Begin PBXBuildFile section */
		4E34D718135D58EE00000564 /* OITMainWindowController.m in Sources */ = {isa = PBXBuildFile; fileRef = 4E34D717135D58EE00000564 /* OITMainWindowController.m */; };
		4E892AB81368FB070021CDF4 /* OITMenuOptionsModel.m in Sources */ = {isa = PBXBuildFile; fileRef = 4E892AB71368FB070021CDF4 /* OITMenuOptionsModel.m */; };
		4E8B6C391357DEE80029B89B /* Cocoa.framework in Frameworks */ = {isa = PBXBuildFile; fileRef = 4E8B6C381357DEE80029B89B /* Cocoa.framework */; };
		4E8B6C431357DEE80029B89B /* InfoPlist.strings in Resources */ = {isa = PBXBuildFile; fileRef = 4E8B6C411357DEE80029B89B /* InfoPlist.strings */; };
		4E8B6C461357DEE80029B89B /* main.m in Sources */ = {isa = PBXBuildFile; fileRef = 4E8B6C451357DEE80029B89B /* main.m */; };
		4E8B6C491357DEE80029B89B /* Credits.rtf in Resources */ = {isa = PBXBuildFile; fileRef = 4E8B6C471357DEE80029B89B /* Credits.rtf */; };
		4E8B6C4C1357DEE80029B89B /* GuiLab1AppDelegate.m in Sources */ = {isa = PBXBuildFile; fileRef = 4E8B6C4B1357DEE80029B89B /* GuiLab1AppDelegate.m */; };
		4E8B6C4F1357DEE80029B89B /* MainMenu.xib in Resources */ = {isa = PBXBuildFile; fileRef = 4E8B6C4D1357DEE80029B89B /* MainMenu.xib */; };
		4E8B6C561357DEE90029B89B /* Cocoa.framework in Frameworks */ = {isa = PBXBuildFile; fileRef = 4E8B6C381357DEE80029B89B /* Cocoa.framework */; };
		4E8B6C5E1357DEE90029B89B /* InfoPlist.strings in Resources */ = {isa = PBXBuildFile; fileRef = 4E8B6C5C1357DEE90029B89B /* InfoPlist.strings */; };
		4E8B6C611357DEE90029B89B /* GuiLab1Tests.h in Resources */ = {isa = PBXBuildFile; fileRef = 4E8B6C601357DEE90029B89B /* GuiLab1Tests.h */; };
		4E8B6C631357DEE90029B89B /* GuiLab1Tests.m in Sources */ = {isa = PBXBuildFile; fileRef = 4E8B6C621357DEE90029B89B /* GuiLab1Tests.m */; };
		4E8B6C701357DFD90029B89B /* OITMainMenu.xib in Resources */ = {isa = PBXBuildFile; fileRef = 4E8B6C6E1357DFD90029B89B /* OITMainMenu.xib */; };
/* End PBXBuildFile section */

/* Begin PBXContainerItemProxy section */
		4E8B6C571357DEE90029B89B /* PBXContainerItemProxy */ = {
			isa = PBXContainerItemProxy;
			containerPortal = 4E8B6C2B1357DEE80029B89B /* Project object */;
			proxyType = 1;
			remoteGlobalIDString = 4E8B6C331357DEE80029B89B;
			remoteInfo = GuiLab1;
		};
/* End PBXContainerItemProxy section */

/* Begin PBXFileReference section */
		4E34D716135D58EE00000564 /* OITMainWindowController.h */ = {isa = PBXFileReference; fileEncoding = 4; lastKnownFileType = sourcecode.c.h; name = OITMainWindowController.h; path = Classes/OITMainWindowController.h; sourceTree = "<group>"; };
		4E34D717135D58EE00000564 /* OITMainWindowController.m */ = {isa = PBXFileReference; fileEncoding = 4; lastKnownFileType = sourcecode.c.objc; name = OITMainWindowController.m; path = Classes/OITMainWindowController.m; sourceTree = "<group>"; };
		4E892AB61368FB070021CDF4 /* OITMenuOptionsModel.h */ = {isa = PBXFileReference; fileEncoding = 4; lastKnownFileType = sourcecode.c.h; name = OITMenuOptionsModel.h; path = Classes/OITMenuOptionsModel.h; sourceTree = "<group>"; };
		4E892AB71368FB070021CDF4 /* OITMenuOptionsModel.m */ = {isa = PBXFileReference; fileEncoding = 4; lastKnownFileType = sourcecode.c.objc; name = OITMenuOptionsModel.m; path = Classes/OITMenuOptionsModel.m; sourceTree = "<group>"; };
		4E8B6C341357DEE80029B89B /* GuiLab1.app */ = {isa = PBXFileReference; explicitFileType = wrapper.application; includeInIndex = 0; path = GuiLab1.app; sourceTree = BUILT_PRODUCTS_DIR; };
		4E8B6C381357DEE80029B89B /* Cocoa.framework */ = {isa = PBXFileReference; lastKnownFileType = wrapper.framework; name = Cocoa.framework; path = System/Library/Frameworks/Cocoa.framework; sourceTree = SDKROOT; };
		4E8B6C3B1357DEE80029B89B /* AppKit.framework */ = {isa = PBXFileReference; lastKnownFileType = wrapper.framework; name = AppKit.framework; path = System/Library/Frameworks/AppKit.framework; sourceTree = SDKROOT; };
		4E8B6C3C1357DEE80029B89B /* CoreData.framework */ = {isa = PBXFileReference; lastKnownFileType = wrapper.framework; name = CoreData.framework; path = System/Library/Frameworks/CoreData.framework; sourceTree = SDKROOT; };
		4E8B6C3D1357DEE80029B89B /* Foundation.framework */ = {isa = PBXFileReference; lastKnownFileType = wrapper.framework; name = Foundation.framework; path = System/Library/Frameworks/Foundation.framework; sourceTree = SDKROOT; };
		4E8B6C401357DEE80029B89B /* GuiLab1-Info.plist */ = {isa = PBXFileReference; lastKnownFileType = text.plist.xml; path = "GuiLab1-Info.plist"; sourceTree = "<group>"; };
		4E8B6C421357DEE80029B89B /* en */ = {isa = PBXFileReference; lastKnownFileType = text.plist.strings; name = en; path = en.lproj/InfoPlist.strings; sourceTree = "<group>"; };
		4E8B6C441357DEE80029B89B /* GuiLab1-Prefix.pch */ = {isa = PBXFileReference; lastKnownFileType = sourcecode.c.h; path = "GuiLab1-Prefix.pch"; sourceTree = "<group>"; };
		4E8B6C451357DEE80029B89B /* main.m */ = {isa = PBXFileReference; lastKnownFileType = sourcecode.c.objc; path = main.m; sourceTree = "<group>"; };
		4E8B6C481357DEE80029B89B /* en */ = {isa = PBXFileReference; lastKnownFileType = text.rtf; name = en; path = en.lproj/Credits.rtf; sourceTree = "<group>"; };
		4E8B6C4A1357DEE80029B89B /* GuiLab1AppDelegate.h */ = {isa = PBXFileReference; lastKnownFileType = sourcecode.c.h; path = GuiLab1AppDelegate.h; sourceTree = "<group>"; };
		4E8B6C4B1357DEE80029B89B /* GuiLab1AppDelegate.m */ = {isa = PBXFileReference; lastKnownFileType = sourcecode.c.objc; path = GuiLab1AppDelegate.m; sourceTree = "<group>"; };
		4E8B6C4E1357DEE80029B89B /* en */ = {isa = PBXFileReference; lastKnownFileType = file.xib; name = en; path = en.lproj/MainMenu.xib; sourceTree = "<group>"; };
		4E8B6C551357DEE90029B89B /* GuiLab1Tests.octest */ = {isa = PBXFileReference; explicitFileType = wrapper.cfbundle; includeInIndex = 0; path = GuiLab1Tests.octest; sourceTree = BUILT_PRODUCTS_DIR; };
		4E8B6C5B1357DEE90029B89B /* GuiLab1Tests-Info.plist */ = {isa = PBXFileReference; lastKnownFileType = text.plist.xml; path = "GuiLab1Tests-Info.plist"; sourceTree = "<group>"; };
		4E8B6C5D1357DEE90029B89B /* en */ = {isa = PBXFileReference; lastKnownFileType = text.plist.strings; name = en; path = en.lproj/InfoPlist.strings; sourceTree = "<group>"; };
		4E8B6C5F1357DEE90029B89B /* GuiLab1Tests-Prefix.pch */ = {isa = PBXFileReference; lastKnownFileType = sourcecode.c.h; path = "GuiLab1Tests-Prefix.pch"; sourceTree = "<group>"; };
		4E8B6C601357DEE90029B89B /* GuiLab1Tests.h */ = {isa = PBXFileReference; lastKnownFileType = sourcecode.c.h; path = GuiLab1Tests.h; sourceTree = "<group>"; };
		4E8B6C621357DEE90029B89B /* GuiLab1Tests.m */ = {isa = PBXFileReference; lastKnownFileType = sourcecode.c.objc; path = GuiLab1Tests.m; sourceTree = "<group>"; };
		4E8B6C6E1357DFD90029B89B /* OITMainMenu.xib */ = {isa = PBXFileReference; fileEncoding = 4; lastKnownFileType = file.xib; path = OITMainMenu.xib; sourceTree = "<group>"; };
/* End PBXFileReference section */

/* Begin PBXFrameworksBuildPhase section */
		4E8B6C311357DEE80029B89B /* Frameworks */ = {
			isa = PBXFrameworksBuildPhase;
			buildActionMask = 2147483647;
			files = (
				4E8B6C391357DEE80029B89B /* Cocoa.framework in Frameworks */,
			);
			runOnlyForDeploymentPostprocessing = 0;
		};
		4E8B6C511357DEE90029B89B /* Frameworks */ = {
			isa = PBXFrameworksBuildPhase;
			buildActionMask = 2147483647;
			files = (
				4E8B6C561357DEE90029B89B /* Cocoa.framework in Frameworks */,
			);
			runOnlyForDeploymentPostprocessing = 0;
		};
/* End PBXFrameworksBuildPhase section */

/* Begin PBXGroup section */
		4E34D719135D590300000564 /* Controllers */ = {
			isa = PBXGroup;
			children = (
				4E34D716135D58EE00000564 /* OITMainWindowController.h */,
				4E34D717135D58EE00000564 /* OITMainWindowController.m */,
			);
			name = Controllers;
			sourceTree = "<group>";
		};
		4E34D71A135D591400000564 /* Views */ = {
			isa = PBXGroup;
			children = (
				4E8B6C4D1357DEE80029B89B /* MainMenu.xib */,
				4E8B6C6E1357DFD90029B89B /* OITMainMenu.xib */,
			);
			name = Views;
			sourceTree = "<group>";
		};
		4E892AB41368F9A80021CDF4 /* Models */ = {
			isa = PBXGroup;
			children = (
				4E892AB61368FB070021CDF4 /* OITMenuOptionsModel.h */,
				4E892AB71368FB070021CDF4 /* OITMenuOptionsModel.m */,
			);
			name = Models;
			sourceTree = "<group>";
		};
		4E8B6C291357DEE80029B89B = {
			isa = PBXGroup;
			children = (
				4E8B6C3E1357DEE80029B89B /* GuiLab1 */,
				4E8B6C591357DEE90029B89B /* GuiLab1Tests */,
				4E8B6C371357DEE80029B89B /* Frameworks */,
				4E8B6C351357DEE80029B89B /* Products */,
			);
			sourceTree = "<group>";
		};
		4E8B6C351357DEE80029B89B /* Products */ = {
			isa = PBXGroup;
			children = (
				4E8B6C341357DEE80029B89B /* GuiLab1.app */,
				4E8B6C551357DEE90029B89B /* GuiLab1Tests.octest */,
			);
			name = Products;
			sourceTree = "<group>";
		};
		4E8B6C371357DEE80029B89B /* Frameworks */ = {
			isa = PBXGroup;
			children = (
				4E8B6C381357DEE80029B89B /* Cocoa.framework */,
				4E8B6C3A1357DEE80029B89B /* Other Frameworks */,
			);
			name = Frameworks;
			sourceTree = "<group>";
		};
		4E8B6C3A1357DEE80029B89B /* Other Frameworks */ = {
			isa = PBXGroup;
			children = (
				4E8B6C3B1357DEE80029B89B /* AppKit.framework */,
				4E8B6C3C1357DEE80029B89B /* CoreData.framework */,
				4E8B6C3D1357DEE80029B89B /* Foundation.framework */,
			);
			name = "Other Frameworks";
			sourceTree = "<group>";
		};
		4E8B6C3E1357DEE80029B89B /* GuiLab1 */ = {
			isa = PBXGroup;
			children = (
				4E8B6C4A1357DEE80029B89B /* GuiLab1AppDelegate.h */,
				4E8B6C4B1357DEE80029B89B /* GuiLab1AppDelegate.m */,
				4E892AB41368F9A80021CDF4 /* Models */,
				4E34D71A135D591400000564 /* Views */,
				4E34D719135D590300000564 /* Controllers */,
				4E8B6C3F1357DEE80029B89B /* Supporting Files */,
			);
			path = GuiLab1;
			sourceTree = "<group>";
		};
		4E8B6C3F1357DEE80029B89B /* Supporting Files */ = {
			isa = PBXGroup;
			children = (
				4E8B6C401357DEE80029B89B /* GuiLab1-Info.plist */,
				4E8B6C411357DEE80029B89B /* InfoPlist.strings */,
				4E8B6C441357DEE80029B89B /* GuiLab1-Prefix.pch */,
				4E8B6C451357DEE80029B89B /* main.m */,
				4E8B6C471357DEE80029B89B /* Credits.rtf */,
			);
			name = "Supporting Files";
			sourceTree = "<group>";
		};
		4E8B6C591357DEE90029B89B /* GuiLab1Tests */ = {
			isa = PBXGroup;
			children = (
				4E8B6C601357DEE90029B89B /* GuiLab1Tests.h */,
				4E8B6C621357DEE90029B89B /* GuiLab1Tests.m */,
				4E8B6C5A1357DEE90029B89B /* Supporting Files */,
			);
			path = GuiLab1Tests;
			sourceTree = "<group>";
		};
		4E8B6C5A1357DEE90029B89B /* Supporting Files */ = {
			isa = PBXGroup;
			children = (
				4E8B6C5B1357DEE90029B89B /* GuiLab1Tests-Info.plist */,
				4E8B6C5C1357DEE90029B89B /* InfoPlist.strings */,
				4E8B6C5F1357DEE90029B89B /* GuiLab1Tests-Prefix.pch */,
			);
			name = "Supporting Files";
			sourceTree = "<group>";
		};
/* End PBXGroup section */

/* Begin PBXNativeTarget section */
		4E8B6C331357DEE80029B89B /* GuiLab1 */ = {
			isa = PBXNativeTarget;
			buildConfigurationList = 4E8B6C661357DEE90029B89B /* Build configuration list for PBXNativeTarget "GuiLab1" */;
			buildPhases = (
				4E8B6C301357DEE80029B89B /* Sources */,
				4E8B6C311357DEE80029B89B /* Frameworks */,
				4E8B6C321357DEE80029B89B /* Resources */,
			);
			buildRules = (
			);
			dependencies = (
			);
			name = GuiLab1;
			productName = GuiLab1;
			productReference = 4E8B6C341357DEE80029B89B /* GuiLab1.app */;
			productType = "com.apple.product-type.application";
		};
		4E8B6C541357DEE90029B89B /* GuiLab1Tests */ = {
			isa = PBXNativeTarget;
			buildConfigurationList = 4E8B6C691357DEE90029B89B /* Build configuration list for PBXNativeTarget "GuiLab1Tests" */;
			buildPhases = (
				4E8B6C501357DEE90029B89B /* Sources */,
				4E8B6C511357DEE90029B89B /* Frameworks */,
				4E8B6C521357DEE90029B89B /* Resources */,
				4E8B6C531357DEE90029B89B /* ShellScript */,
			);
			buildRules = (
			);
			dependencies = (
				4E8B6C581357DEE90029B89B /* PBXTargetDependency */,
			);
			name = GuiLab1Tests;
			productName = GuiLab1Tests;
			productReference = 4E8B6C551357DEE90029B89B /* GuiLab1Tests.octest */;
			productType = "com.apple.product-type.bundle";
		};
/* End PBXNativeTarget section */

/* Begin PBXProject section */
		4E8B6C2B1357DEE80029B89B /* Project object */ = {
			isa = PBXProject;
			attributes = {
				ORGANIZATIONNAME = SpiderMuffinArt;
			};
			buildConfigurationList = 4E8B6C2E1357DEE80029B89B /* Build configuration list for PBXProject "GuiLab1" */;
			compatibilityVersion = "Xcode 3.2";
			developmentRegion = English;
			hasScannedForEncodings = 0;
			knownRegions = (
				en,
			);
			mainGroup = 4E8B6C291357DEE80029B89B;
			productRefGroup = 4E8B6C351357DEE80029B89B /* Products */;
			projectDirPath = "";
			projectRoot = "";
			targets = (
				4E8B6C331357DEE80029B89B /* GuiLab1 */,
				4E8B6C541357DEE90029B89B /* GuiLab1Tests */,
			);
		};
/* End PBXProject section */

/* Begin PBXResourcesBuildPhase section */
		4E8B6C321357DEE80029B89B /* Resources */ = {
			isa = PBXResourcesBuildPhase;
			buildActionMask = 2147483647;
			files = (
				4E8B6C431357DEE80029B89B /* InfoPlist.strings in Resources */,
				4E8B6C491357DEE80029B89B /* Credits.rtf in Resources */,
				4E8B6C4F1357DEE80029B89B /* MainMenu.xib in Resources */,
				4E8B6C701357DFD90029B89B /* OITMainMenu.xib in Resources */,
			);
			runOnlyForDeploymentPostprocessing = 0;
		};
		4E8B6C521357DEE90029B89B /* Resources */ = {
			isa = PBXResourcesBuildPhase;
			buildActionMask = 2147483647;
			files = (
				4E8B6C5E1357DEE90029B89B /* InfoPlist.strings in Resources */,
				4E8B6C611357DEE90029B89B /* GuiLab1Tests.h in Resources */,
			);
			runOnlyForDeploymentPostprocessing = 0;
		};
/* End PBXResourcesBuildPhase section */

/* Begin PBXShellScriptBuildPhase section */
		4E8B6C531357DEE90029B89B /* ShellScript */ = {
			isa = PBXShellScriptBuildPhase;
			buildActionMask = 2147483647;
			files = (
			);
			inputPaths = (
			);
			outputPaths = (
			);
			runOnlyForDeploymentPostprocessing = 0;
			shellPath = /bin/sh;
			shellScript = "# Run the unit tests in this test bundle.\n\"${SYSTEM_DEVELOPER_DIR}/Tools/RunUnitTests\"\n";
		};
/* End PBXShellScriptBuildPhase section */

/* Begin PBXSourcesBuildPhase section */
		4E8B6C301357DEE80029B89B /* Sources */ = {
			isa = PBXSourcesBuildPhase;
			buildActionMask = 2147483647;
			files = (
				4E8B6C461357DEE80029B89B /* main.m in Sources */,
				4E8B6C4C1357DEE80029B89B /* GuiLab1AppDelegate.m in Sources */,
				4E34D718135D58EE00000564 /* OITMainWindowController.m in Sources */,
				4E892AB81368FB070021CDF4 /* OITMenuOptionsModel.m in Sources */,
			);
			runOnlyForDeploymentPostprocessing = 0;
		};
		4E8B6C501357DEE90029B89B /* Sources */ = {
			isa = PBXSourcesBuildPhase;
			buildActionMask = 2147483647;
			files = (
				4E8B6C631357DEE90029B89B /* GuiLab1Tests.m in Sources */,
			);
			runOnlyForDeploymentPostprocessing = 0;
		};
/* End PBXSourcesBuildPhase section */

/* Begin PBXTargetDependency section */
		4E8B6C581357DEE90029B89B /* PBXTargetDependency */ = {
			isa = PBXTargetDependency;
			target = 4E8B6C331357DEE80029B89B /* GuiLab1 */;
			targetProxy = 4E8B6C571357DEE90029B89B /* PBXContainerItemProxy */;
		};
/* End PBXTargetDependency section */

/* Begin PBXVariantGroup section */
		4E8B6C411357DEE80029B89B /* InfoPlist.strings */ = {
			isa = PBXVariantGroup;
			children = (
				4E8B6C421357DEE80029B89B /* en */,
			);
			name = InfoPlist.strings;
			sourceTree = "<group>";
		};
		4E8B6C471357DEE80029B89B /* Credits.rtf */ = {
			isa = PBXVariantGroup;
			children = (
				4E8B6C481357DEE80029B89B /* en */,
			);
			name = Credits.rtf;
			sourceTree = "<group>";
		};
		4E8B6C4D1357DEE80029B89B /* MainMenu.xib */ = {
			isa = PBXVariantGroup;
			children = (
				4E8B6C4E1357DEE80029B89B /* en */,
			);
			name = MainMenu.xib;
			sourceTree = "<group>";
		};
		4E8B6C5C1357DEE90029B89B /* InfoPlist.strings */ = {
			isa = PBXVariantGroup;
			children = (
				4E8B6C5D1357DEE90029B89B /* en */,
			);
			name = InfoPlist.strings;
			sourceTree = "<group>";
		};
/* End PBXVariantGroup section */

/* Begin XCBuildConfiguration section */
		4E8B6C641357DEE90029B89B /* Debug */ = {
			isa = XCBuildConfiguration;
			buildSettings = {
				ARCHS = "$(ARCHS_STANDARD_32_64_BIT)";
				GCC_C_LANGUAGE_STANDARD = gnu99;
				GCC_OPTIMIZATION_LEVEL = 0;
				GCC_PREPROCESSOR_DEFINITIONS = DEBUG;
				GCC_SYMBOLS_PRIVATE_EXTERN = NO;
				GCC_VERSION = com.apple.compilers.llvm.clang.1_0;
				GCC_WARN_64_TO_32_BIT_CONVERSION = YES;
				GCC_WARN_ABOUT_RETURN_TYPE = YES;
				GCC_WARN_UNUSED_VARIABLE = YES;
				MACOSX_DEPLOYMENT_TARGET = 10.6;
				ONLY_ACTIVE_ARCH = YES;
				SDKROOT = macosx;
			};
			name = Debug;
		};
		4E8B6C651357DEE90029B89B /* Release */ = {
			isa = XCBuildConfiguration;
			buildSettings = {
				ARCHS = "$(ARCHS_STANDARD_32_64_BIT)";
				GCC_C_LANGUAGE_STANDARD = gnu99;
				GCC_VERSION = com.apple.compilers.llvm.clang.1_0;
				GCC_WARN_64_TO_32_BIT_CONVERSION = YES;
				GCC_WARN_ABOUT_RETURN_TYPE = YES;
				GCC_WARN_UNUSED_VARIABLE = YES;
				MACOSX_DEPLOYMENT_TARGET = 10.6;
				SDKROOT = macosx;
			};
			name = Release;
		};
		4E8B6C671357DEE90029B89B /* Debug */ = {
			isa = XCBuildConfiguration;
			buildSettings = {
				ALWAYS_SEARCH_USER_PATHS = NO;
				COPY_PHASE_STRIP = NO;
				GCC_DYNAMIC_NO_PIC = NO;
				GCC_ENABLE_OBJC_EXCEPTIONS = YES;
				GCC_PRECOMPILE_PREFIX_HEADER = YES;
				GCC_PREFIX_HEADER = "GuiLab1/GuiLab1-Prefix.pch";
				INFOPLIST_FILE = "GuiLab1/GuiLab1-Info.plist";
				PRODUCT_NAME = "$(TARGET_NAME)";
				WRAPPER_EXTENSION = app;
			};
			name = Debug;
		};
		4E8B6C681357DEE90029B89B /* Release */ = {
			isa = XCBuildConfiguration;
			buildSettings = {
				ALWAYS_SEARCH_USER_PATHS = NO;
				COPY_PHASE_STRIP = YES;
				DEBUG_INFORMATION_FORMAT = "dwarf-with-dsym";
				GCC_ENABLE_OBJC_EXCEPTIONS = YES;
				GCC_PRECOMPILE_PREFIX_HEADER = YES;
				GCC_PREFIX_HEADER = "GuiLab1/GuiLab1-Prefix.pch";
				INFOPLIST_FILE = "GuiLab1/GuiLab1-Info.plist";
				PRODUCT_NAME = "$(TARGET_NAME)";
				WRAPPER_EXTENSION = app;
			};
			name = Release;
		};
		4E8B6C6A1357DEE90029B89B /* Debug */ = {
			isa = XCBuildConfiguration;
			buildSettings = {
				ALWAYS_SEARCH_USER_PATHS = NO;
				BUNDLE_LOADER = "$(BUILT_PRODUCTS_DIR)/GuiLab1.app/Contents/MacOS/GuiLab1";
				COPY_PHASE_STRIP = NO;
				FRAMEWORK_SEARCH_PATHS = "$(DEVELOPER_LIBRARY_DIR)/Frameworks";
				GCC_DYNAMIC_NO_PIC = NO;
				GCC_ENABLE_OBJC_EXCEPTIONS = YES;
				GCC_PRECOMPILE_PREFIX_HEADER = YES;
				GCC_PREFIX_HEADER = "GuiLab1Tests/GuiLab1Tests-Prefix.pch";
				INFOPLIST_FILE = "GuiLab1Tests/GuiLab1Tests-Info.plist";
				OTHER_LDFLAGS = (
					"-framework",
					SenTestingKit,
				);
				PRODUCT_NAME = "$(TARGET_NAME)";
				TEST_HOST = "$(BUNDLE_LOADER)";
				WRAPPER_EXTENSION = octest;
			};
			name = Debug;
		};
		4E8B6C6B1357DEE90029B89B /* Release */ = {
			isa = XCBuildConfiguration;
			buildSettings = {
				ALWAYS_SEARCH_USER_PATHS = NO;
				BUNDLE_LOADER = "$(BUILT_PRODUCTS_DIR)/GuiLab1.app/Contents/MacOS/GuiLab1";
				COPY_PHASE_STRIP = YES;
				DEBUG_INFORMATION_FORMAT = "dwarf-with-dsym";
				FRAMEWORK_SEARCH_PATHS = "$(DEVELOPER_LIBRARY_DIR)/Frameworks";
				GCC_ENABLE_OBJC_EXCEPTIONS = YES;
				GCC_PRECOMPILE_PREFIX_HEADER = YES;
				GCC_PREFIX_HEADER = "GuiLab1Tests/GuiLab1Tests-Prefix.pch";
				INFOPLIST_FILE = "GuiLab1Tests/GuiLab1Tests-Info.plist";
				OTHER_LDFLAGS = (
					"-framework",
					SenTestingKit,
				);
				PRODUCT_NAME = "$(TARGET_NAME)";
				TEST_HOST = "$(BUNDLE_LOADER)";
				WRAPPER_EXTENSION = octest;
			};
			name = Release;
		};
/* End XCBuildConfiguration section */

/* Begin XCConfigurationList section */
		4E8B6C2E1357DEE80029B89B /* Build configuration list for PBXProject "GuiLab1" */ = {
			isa = XCConfigurationList;
			buildConfigurations = (
				4E8B6C641357DEE90029B89B /* Debug */,
				4E8B6C651357DEE90029B89B /* Release */,
			);
			defaultConfigurationIsVisible = 0;
			defaultConfigurationName = Release;
		};
		4E8B6C661357DEE90029B89B /* Build configuration list for PBXNativeTarget "GuiLab1" */ = {
			isa = XCConfigurationList;
			buildConfigurations = (
				4E8B6C671357DEE90029B89B /* Debug */,
				4E8B6C681357DEE90029B89B /* Release */,
			);
			defaultConfigurationIsVisible = 0;
			defaultConfigurationName = Release;
		};
		4E8B6C691357DEE90029B89B /* Build configuration list for PBXNativeTarget "GuiLab1Tests" */ = {
			isa = XCConfigurationList;
			buildConfigurations = (
				4E8B6C6A1357DEE90029B89B /* Debug */,
				4E8B6C6B1357DEE90029B89B /* Release */,
			);
			defaultConfigurationIsVisible = 0;
			defaultConfigurationName = Release;
		};
/* End XCConfigurationList section */
	};
	rootObject = 4E8B6C2B1357DEE80029B89B /* Project object */;
}
