// !$*UTF8*$!
{
	archiveVersion = 1;
	classes = {
	};
	objectVersion = 46;
	objects = {

/* Begin PBXBuildFile section */
		4E15763B1369F8DF0057196E /* navigationView.xib in Resources */ = {isa = PBXBuildFile; fileRef = 4E15763A1369F8DF0057196E /* navigationView.xib */; };
		4E15763D136A00990057196E /* OITEmptyView.xib in Resources */ = {isa = PBXBuildFile; fileRef = 4E15763C136A00990057196E /* OITEmptyView.xib */; };
		4E157640136A0D370057196E /* MasterConstants.m in Sources */ = {isa = PBXBuildFile; fileRef = 4E15763F136A0D370057196E /* MasterConstants.m */; };
		4E157644136A0E010057196E /* OITWidgetViewController.m in Sources */ = {isa = PBXBuildFile; fileRef = 4E157642136A0E010057196E /* OITWidgetViewController.m */; };
		4E157645136A0E010057196E /* OITWidgetViewController.xib in Resources */ = {isa = PBXBuildFile; fileRef = 4E157643136A0E010057196E /* OITWidgetViewController.xib */; };
		4E157651136A587E0057196E /* OITListViewController.m in Sources */ = {isa = PBXBuildFile; fileRef = 4E15764F136A587E0057196E /* OITListViewController.m */; };
		4E157652136A587E0057196E /* OITListViewController.xib in Resources */ = {isa = PBXBuildFile; fileRef = 4E157650136A587E0057196E /* OITListViewController.xib */; };
		4E157657136A7A340057196E /* OITTextViewController.m in Sources */ = {isa = PBXBuildFile; fileRef = 4E157655136A7A340057196E /* OITTextViewController.m */; };
		4E157658136A7A340057196E /* OITTextViewController.xib in Resources */ = {isa = PBXBuildFile; fileRef = 4E157656136A7A340057196E /* OITTextViewController.xib */; };
		4E15765C136A7B940057196E /* OITPopupViewController.m in Sources */ = {isa = PBXBuildFile; fileRef = 4E15765A136A7B930057196E /* OITPopupViewController.m */; };
		4E15765D136A7B940057196E /* OITPopupViewController.xib in Resources */ = {isa = PBXBuildFile; fileRef = 4E15765B136A7B930057196E /* OITPopupViewController.xib */; };
		4E157661136A7BEF0057196E /* OITTableViewController.m in Sources */ = {isa = PBXBuildFile; fileRef = 4E15765F136A7BEE0057196E /* OITTableViewController.m */; };
		4E157662136A7BEF0057196E /* OITTableViewController.xib in Resources */ = {isa = PBXBuildFile; fileRef = 4E157660136A7BEE0057196E /* OITTableViewController.xib */; };
		4E157666136A7CD60057196E /* OITPanelViewController.m in Sources */ = {isa = PBXBuildFile; fileRef = 4E157664136A7CD50057196E /* OITPanelViewController.m */; };
		4E157667136A7CD60057196E /* OITPanelViewController.xib in Resources */ = {isa = PBXBuildFile; fileRef = 4E157665136A7CD50057196E /* OITPanelViewController.xib */; };
		4E892AE1136949300021CDF4 /* Cocoa.framework in Frameworks */ = {isa = PBXBuildFile; fileRef = 4E892AE0136949300021CDF4 /* Cocoa.framework */; };
		4E892AEB136949300021CDF4 /* InfoPlist.strings in Resources */ = {isa = PBXBuildFile; fileRef = 4E892AE9136949300021CDF4 /* InfoPlist.strings */; };
		4E892AEE136949310021CDF4 /* main.m in Sources */ = {isa = PBXBuildFile; fileRef = 4E892AED136949310021CDF4 /* main.m */; };
		4E892AF1136949310021CDF4 /* Credits.rtf in Resources */ = {isa = PBXBuildFile; fileRef = 4E892AEF136949310021CDF4 /* Credits.rtf */; };
		4E892AF4136949310021CDF4 /* Lab1RehashAppDelegate.m in Sources */ = {isa = PBXBuildFile; fileRef = 4E892AF3136949310021CDF4 /* Lab1RehashAppDelegate.m */; };
		4E892AF7136949310021CDF4 /* MainMenu.xib in Resources */ = {isa = PBXBuildFile; fileRef = 4E892AF5136949310021CDF4 /* MainMenu.xib */; };
		4E892B0713694B560021CDF4 /* OITMainWindowController.m in Sources */ = {isa = PBXBuildFile; fileRef = 4E892B0613694B560021CDF4 /* OITMainWindowController.m */; };
		4E892B1413694CA10021CDF4 /* OITNavigationViewController.m in Sources */ = {isa = PBXBuildFile; fileRef = 4E892B0F13694CA10021CDF4 /* OITNavigationViewController.m */; };
/* End PBXBuildFile section */

/* Begin PBXFileReference section */
		4E15763A1369F8DF0057196E /* navigationView.xib */ = {isa = PBXFileReference; fileEncoding = 4; lastKnownFileType = file.xib; path = navigationView.xib; sourceTree = "<group>"; };
		4E15763C136A00990057196E /* OITEmptyView.xib */ = {isa = PBXFileReference; fileEncoding = 4; lastKnownFileType = file.xib; path = OITEmptyView.xib; sourceTree = "<group>"; };
		4E15763E136A0D370057196E /* MasterConstants.h */ = {isa = PBXFileReference; fileEncoding = 4; lastKnownFileType = sourcecode.c.h; path = MasterConstants.h; sourceTree = "<group>"; };
		4E15763F136A0D370057196E /* MasterConstants.m */ = {isa = PBXFileReference; fileEncoding = 4; lastKnownFileType = sourcecode.c.objc; path = MasterConstants.m; sourceTree = "<group>"; };
		4E157641136A0E010057196E /* OITWidgetViewController.h */ = {isa = PBXFileReference; fileEncoding = 4; lastKnownFileType = sourcecode.c.h; path = OITWidgetViewController.h; sourceTree = "<group>"; };
		4E157642136A0E010057196E /* OITWidgetViewController.m */ = {isa = PBXFileReference; fileEncoding = 4; lastKnownFileType = sourcecode.c.objc; path = OITWidgetViewController.m; sourceTree = "<group>"; };
		4E157643136A0E010057196E /* OITWidgetViewController.xib */ = {isa = PBXFileReference; fileEncoding = 4; lastKnownFileType = file.xib; path = OITWidgetViewController.xib; sourceTree = "<group>"; };
		4E15764E136A587E0057196E /* OITListViewController.h */ = {isa = PBXFileReference; fileEncoding = 4; lastKnownFileType = sourcecode.c.h; path = OITListViewController.h; sourceTree = "<group>"; };
		4E15764F136A587E0057196E /* OITListViewController.m */ = {isa = PBXFileReference; fileEncoding = 4; lastKnownFileType = sourcecode.c.objc; path = OITListViewController.m; sourceTree = "<group>"; };
		4E157650136A587E0057196E /* OITListViewController.xib */ = {isa = PBXFileReference; fileEncoding = 4; lastKnownFileType = file.xib; path = OITListViewController.xib; sourceTree = "<group>"; };
		4E157654136A7A340057196E /* OITTextViewController.h */ = {isa = PBXFileReference; fileEncoding = 4; lastKnownFileType = sourcecode.c.h; path = OITTextViewController.h; sourceTree = "<group>"; };
		4E157655136A7A340057196E /* OITTextViewController.m */ = {isa = PBXFileReference; fileEncoding = 4; lastKnownFileType = sourcecode.c.objc; path = OITTextViewController.m; sourceTree = "<group>"; };
		4E157656136A7A340057196E /* OITTextViewController.xib */ = {isa = PBXFileReference; fileEncoding = 4; lastKnownFileType = file.xib; path = OITTextViewController.xib; sourceTree = "<group>"; };
		4E157659136A7B930057196E /* OITPopupViewController.h */ = {isa = PBXFileReference; fileEncoding = 4; lastKnownFileType = sourcecode.c.h; path = OITPopupViewController.h; sourceTree = "<group>"; };
		4E15765A136A7B930057196E /* OITPopupViewController.m */ = {isa = PBXFileReference; fileEncoding = 4; lastKnownFileType = sourcecode.c.objc; path = OITPopupViewController.m; sourceTree = "<group>"; };
		4E15765B136A7B930057196E /* OITPopupViewController.xib */ = {isa = PBXFileReference; fileEncoding = 4; lastKnownFileType = file.xib; path = OITPopupViewController.xib; sourceTree = "<group>"; };
		4E15765E136A7BEE0057196E /* OITTableViewController.h */ = {isa = PBXFileReference; fileEncoding = 4; lastKnownFileType = sourcecode.c.h; path = OITTableViewController.h; sourceTree = "<group>"; };
		4E15765F136A7BEE0057196E /* OITTableViewController.m */ = {isa = PBXFileReference; fileEncoding = 4; lastKnownFileType = sourcecode.c.objc; path = OITTableViewController.m; sourceTree = "<group>"; };
		4E157660136A7BEE0057196E /* OITTableViewController.xib */ = {isa = PBXFileReference; fileEncoding = 4; lastKnownFileType = file.xib; path = OITTableViewController.xib; sourceTree = "<group>"; };
		4E157663136A7CD40057196E /* OITPanelViewController.h */ = {isa = PBXFileReference; fileEncoding = 4; lastKnownFileType = sourcecode.c.h; path = OITPanelViewController.h; sourceTree = "<group>"; };
		4E157664136A7CD50057196E /* OITPanelViewController.m */ = {isa = PBXFileReference; fileEncoding = 4; lastKnownFileType = sourcecode.c.objc; path = OITPanelViewController.m; sourceTree = "<group>"; };
		4E157665136A7CD50057196E /* OITPanelViewController.xib */ = {isa = PBXFileReference; fileEncoding = 4; lastKnownFileType = file.xib; path = OITPanelViewController.xib; sourceTree = "<group>"; };
		4E892ADC136949300021CDF4 /* Lab1Rehash.app */ = {isa = PBXFileReference; explicitFileType = wrapper.application; includeInIndex = 0; path = Lab1Rehash.app; sourceTree = BUILT_PRODUCTS_DIR; };
		4E892AE0136949300021CDF4 /* Cocoa.framework */ = {isa = PBXFileReference; lastKnownFileType = wrapper.framework; name = Cocoa.framework; path = System/Library/Frameworks/Cocoa.framework; sourceTree = SDKROOT; };
		4E892AE3136949300021CDF4 /* AppKit.framework */ = {isa = PBXFileReference; lastKnownFileType = wrapper.framework; name = AppKit.framework; path = System/Library/Frameworks/AppKit.framework; sourceTree = SDKROOT; };
		4E892AE4136949300021CDF4 /* CoreData.framework */ = {isa = PBXFileReference; lastKnownFileType = wrapper.framework; name = CoreData.framework; path = System/Library/Frameworks/CoreData.framework; sourceTree = SDKROOT; };
		4E892AE5136949300021CDF4 /* Foundation.framework */ = {isa = PBXFileReference; lastKnownFileType = wrapper.framework; name = Foundation.framework; path = System/Library/Frameworks/Foundation.framework; sourceTree = SDKROOT; };
		4E892AE8136949300021CDF4 /* Lab1Rehash-Info.plist */ = {isa = PBXFileReference; lastKnownFileType = text.plist.xml; path = "Lab1Rehash-Info.plist"; sourceTree = "<group>"; };
		4E892AEA136949300021CDF4 /* en */ = {isa = PBXFileReference; lastKnownFileType = text.plist.strings; name = en; path = en.lproj/InfoPlist.strings; sourceTree = "<group>"; };
		4E892AEC136949310021CDF4 /* Lab1Rehash-Prefix.pch */ = {isa = PBXFileReference; lastKnownFileType = sourcecode.c.h; path = "Lab1Rehash-Prefix.pch"; sourceTree = "<group>"; };
		4E892AED136949310021CDF4 /* main.m */ = {isa = PBXFileReference; lastKnownFileType = sourcecode.c.objc; path = main.m; sourceTree = "<group>"; };
		4E892AF0136949310021CDF4 /* en */ = {isa = PBXFileReference; lastKnownFileType = text.rtf; name = en; path = en.lproj/Credits.rtf; sourceTree = "<group>"; };
		4E892AF2136949310021CDF4 /* Lab1RehashAppDelegate.h */ = {isa = PBXFileReference; lastKnownFileType = sourcecode.c.h; path = Lab1RehashAppDelegate.h; sourceTree = "<group>"; };
		4E892AF3136949310021CDF4 /* Lab1RehashAppDelegate.m */ = {isa = PBXFileReference; lastKnownFileType = sourcecode.c.objc; path = Lab1RehashAppDelegate.m; sourceTree = "<group>"; };
		4E892AF6136949310021CDF4 /* en */ = {isa = PBXFileReference; lastKnownFileType = file.xib; name = en; path = en.lproj/MainMenu.xib; sourceTree = "<group>"; };
		4E892B0513694B560021CDF4 /* OITMainWindowController.h */ = {isa = PBXFileReference; fileEncoding = 4; lastKnownFileType = sourcecode.c.h; path = OITMainWindowController.h; sourceTree = "<group>"; };
		4E892B0613694B560021CDF4 /* OITMainWindowController.m */ = {isa = PBXFileReference; fileEncoding = 4; lastKnownFileType = sourcecode.c.objc; path = OITMainWindowController.m; sourceTree = "<group>"; };
		4E892B0F13694CA10021CDF4 /* OITNavigationViewController.m */ = {isa = PBXFileReference; fileEncoding = 4; lastKnownFileType = sourcecode.c.objc; path = OITNavigationViewController.m; sourceTree = "<group>"; };
		4E892B1013694CA10021CDF4 /* OITNavigationViewController.h */ = {isa = PBXFileReference; fileEncoding = 4; lastKnownFileType = sourcecode.c.h; path = OITNavigationViewController.h; sourceTree = "<group>"; };
/* End PBXFileReference section */

/* Begin PBXFrameworksBuildPhase section */
		4E892AD9136949300021CDF4 /* Frameworks */ = {
			isa = PBXFrameworksBuildPhase;
			buildActionMask = 2147483647;
			files = (
				4E892AE1136949300021CDF4 /* Cocoa.framework in Frameworks */,
			);
			runOnlyForDeploymentPostprocessing = 0;
		};
/* End PBXFrameworksBuildPhase section */

/* Begin PBXGroup section */
		4E1576361369F7C40057196E /* Controller */ = {
			isa = PBXGroup;
			children = (
				4E892B0513694B560021CDF4 /* OITMainWindowController.h */,
				4E892B0613694B560021CDF4 /* OITMainWindowController.m */,
				4E892B1013694CA10021CDF4 /* OITNavigationViewController.h */,
				4E892B0F13694CA10021CDF4 /* OITNavigationViewController.m */,
				4E157641136A0E010057196E /* OITWidgetViewController.h */,
				4E157642136A0E010057196E /* OITWidgetViewController.m */,
				4E15764E136A587E0057196E /* OITListViewController.h */,
				4E15764F136A587E0057196E /* OITListViewController.m */,
				4E157654136A7A340057196E /* OITTextViewController.h */,
				4E157655136A7A340057196E /* OITTextViewController.m */,
				4E157659136A7B930057196E /* OITPopupViewController.h */,
				4E15765A136A7B930057196E /* OITPopupViewController.m */,
				4E15765E136A7BEE0057196E /* OITTableViewController.h */,
				4E15765F136A7BEE0057196E /* OITTableViewController.m */,
				4E157663136A7CD40057196E /* OITPanelViewController.h */,
				4E157664136A7CD50057196E /* OITPanelViewController.m */,
			);
			name = Controller;
			sourceTree = "<group>";
		};
		4E1576381369F7D60057196E /* Model */ = {
			isa = PBXGroup;
			children = (
				4E15763E136A0D370057196E /* MasterConstants.h */,
				4E15763F136A0D370057196E /* MasterConstants.m */,
			);
			name = Model;
			sourceTree = "<group>";
		};
		4E1576391369F7E40057196E /* View */ = {
			isa = PBXGroup;
			children = (
				4E892AF5136949310021CDF4 /* MainMenu.xib */,
				4E15763A1369F8DF0057196E /* navigationView.xib */,
				4E15763C136A00990057196E /* OITEmptyView.xib */,
				4E157643136A0E010057196E /* OITWidgetViewController.xib */,
				4E157650136A587E0057196E /* OITListViewController.xib */,
				4E157656136A7A340057196E /* OITTextViewController.xib */,
				4E15765B136A7B930057196E /* OITPopupViewController.xib */,
				4E157660136A7BEE0057196E /* OITTableViewController.xib */,
				4E157665136A7CD50057196E /* OITPanelViewController.xib */,
			);
			name = View;
			sourceTree = "<group>";
		};
		4E892AD1136949300021CDF4 = {
			isa = PBXGroup;
			children = (
				4E892AE6136949300021CDF4 /* Lab1Rehash */,
				4E892ADF136949300021CDF4 /* Frameworks */,
				4E892ADD136949300021CDF4 /* Products */,
			);
			sourceTree = "<group>";
		};
		4E892ADD136949300021CDF4 /* Products */ = {
			isa = PBXGroup;
			children = (
				4E892ADC136949300021CDF4 /* Lab1Rehash.app */,
			);
			name = Products;
			sourceTree = "<group>";
		};
		4E892ADF136949300021CDF4 /* Frameworks */ = {
			isa = PBXGroup;
			children = (
				4E892AE0136949300021CDF4 /* Cocoa.framework */,
				4E892AE2136949300021CDF4 /* Other Frameworks */,
			);
			name = Frameworks;
			sourceTree = "<group>";
		};
		4E892AE2136949300021CDF4 /* Other Frameworks */ = {
			isa = PBXGroup;
			children = (
				4E892AE3136949300021CDF4 /* AppKit.framework */,
				4E892AE4136949300021CDF4 /* CoreData.framework */,
				4E892AE5136949300021CDF4 /* Foundation.framework */,
			);
			name = "Other Frameworks";
			sourceTree = "<group>";
		};
		4E892AE6136949300021CDF4 /* Lab1Rehash */ = {
			isa = PBXGroup;
			children = (
				4E892AF2136949310021CDF4 /* Lab1RehashAppDelegate.h */,
				4E892AF3136949310021CDF4 /* Lab1RehashAppDelegate.m */,
				4E1576361369F7C40057196E /* Controller */,
				4E1576381369F7D60057196E /* Model */,
				4E1576391369F7E40057196E /* View */,
				4E892AE7136949300021CDF4 /* Supporting Files */,
			);
			path = Lab1Rehash;
			sourceTree = "<group>";
		};
		4E892AE7136949300021CDF4 /* Supporting Files */ = {
			isa = PBXGroup;
			children = (
				4E892AE8136949300021CDF4 /* Lab1Rehash-Info.plist */,
				4E892AE9136949300021CDF4 /* InfoPlist.strings */,
				4E892AEC136949310021CDF4 /* Lab1Rehash-Prefix.pch */,
				4E892AED136949310021CDF4 /* main.m */,
				4E892AEF136949310021CDF4 /* Credits.rtf */,
			);
			name = "Supporting Files";
			sourceTree = "<group>";
		};
/* End PBXGroup section */

/* Begin PBXNativeTarget section */
		4E892ADB136949300021CDF4 /* Lab1Rehash */ = {
			isa = PBXNativeTarget;
			buildConfigurationList = 4E892AFA136949310021CDF4 /* Build configuration list for PBXNativeTarget "Lab1Rehash" */;
			buildPhases = (
				4E892AD8136949300021CDF4 /* Sources */,
				4E892AD9136949300021CDF4 /* Frameworks */,
				4E892ADA136949300021CDF4 /* Resources */,
			);
			buildRules = (
			);
			dependencies = (
			);
			name = Lab1Rehash;
			productName = Lab1Rehash;
			productReference = 4E892ADC136949300021CDF4 /* Lab1Rehash.app */;
			productType = "com.apple.product-type.application";
		};
/* End PBXNativeTarget section */

/* Begin PBXProject section */
		4E892AD3136949300021CDF4 /* Project object */ = {
			isa = PBXProject;
			attributes = {
				ORGANIZATIONNAME = SpiderMuffinArt;
			};
			buildConfigurationList = 4E892AD6136949300021CDF4 /* Build configuration list for PBXProject "Lab1Rehash" */;
			compatibilityVersion = "Xcode 3.2";
			developmentRegion = English;
			hasScannedForEncodings = 0;
			knownRegions = (
				en,
			);
			mainGroup = 4E892AD1136949300021CDF4;
			productRefGroup = 4E892ADD136949300021CDF4 /* Products */;
			projectDirPath = "";
			projectRoot = "";
			targets = (
				4E892ADB136949300021CDF4 /* Lab1Rehash */,
			);
		};
/* End PBXProject section */

/* Begin PBXResourcesBuildPhase section */
		4E892ADA136949300021CDF4 /* Resources */ = {
			isa = PBXResourcesBuildPhase;
			buildActionMask = 2147483647;
			files = (
				4E892AEB136949300021CDF4 /* InfoPlist.strings in Resources */,
				4E892AF1136949310021CDF4 /* Credits.rtf in Resources */,
				4E892AF7136949310021CDF4 /* MainMenu.xib in Resources */,
				4E15763B1369F8DF0057196E /* navigationView.xib in Resources */,
				4E15763D136A00990057196E /* OITEmptyView.xib in Resources */,
				4E157645136A0E010057196E /* OITWidgetViewController.xib in Resources */,
				4E157652136A587E0057196E /* OITListViewController.xib in Resources */,
				4E157658136A7A340057196E /* OITTextViewController.xib in Resources */,
				4E15765D136A7B940057196E /* OITPopupViewController.xib in Resources */,
				4E157662136A7BEF0057196E /* OITTableViewController.xib in Resources */,
				4E157667136A7CD60057196E /* OITPanelViewController.xib in Resources */,
			);
			runOnlyForDeploymentPostprocessing = 0;
		};
/* End PBXResourcesBuildPhase section */

/* Begin PBXSourcesBuildPhase section */
		4E892AD8136949300021CDF4 /* Sources */ = {
			isa = PBXSourcesBuildPhase;
			buildActionMask = 2147483647;
			files = (
				4E892AEE136949310021CDF4 /* main.m in Sources */,
				4E892AF4136949310021CDF4 /* Lab1RehashAppDelegate.m in Sources */,
				4E892B0713694B560021CDF4 /* OITMainWindowController.m in Sources */,
				4E892B1413694CA10021CDF4 /* OITNavigationViewController.m in Sources */,
				4E157640136A0D370057196E /* MasterConstants.m in Sources */,
				4E157644136A0E010057196E /* OITWidgetViewController.m in Sources */,
				4E157651136A587E0057196E /* OITListViewController.m in Sources */,
				4E157657136A7A340057196E /* OITTextViewController.m in Sources */,
				4E15765C136A7B940057196E /* OITPopupViewController.m in Sources */,
				4E157661136A7BEF0057196E /* OITTableViewController.m in Sources */,
				4E157666136A7CD60057196E /* OITPanelViewController.m in Sources */,
			);
			runOnlyForDeploymentPostprocessing = 0;
		};
/* End PBXSourcesBuildPhase section */

/* Begin PBXVariantGroup section */
		4E892AE9136949300021CDF4 /* InfoPlist.strings */ = {
			isa = PBXVariantGroup;
			children = (
				4E892AEA136949300021CDF4 /* en */,
			);
			name = InfoPlist.strings;
			sourceTree = "<group>";
		};
		4E892AEF136949310021CDF4 /* Credits.rtf */ = {
			isa = PBXVariantGroup;
			children = (
				4E892AF0136949310021CDF4 /* en */,
			);
			name = Credits.rtf;
			sourceTree = "<group>";
		};
		4E892AF5136949310021CDF4 /* MainMenu.xib */ = {
			isa = PBXVariantGroup;
			children = (
				4E892AF6136949310021CDF4 /* en */,
			);
			name = MainMenu.xib;
			sourceTree = "<group>";
		};
/* End PBXVariantGroup section */

/* Begin XCBuildConfiguration section */
		4E892AF8136949310021CDF4 /* Debug */ = {
			isa = XCBuildConfiguration;
			buildSettings = {
				ARCHS = "$(ARCHS_STANDARD_32_64_BIT)";
				GCC_C_LANGUAGE_STANDARD = gnu99;
				GCC_OPTIMIZATION_LEVEL = 0;
				GCC_PREPROCESSOR_DEFINITIONS = DEBUG;
				GCC_SYMBOLS_PRIVATE_EXTERN = NO;
				GCC_VERSION = com.apple.compilers.llvm.clang.1_0;
				GCC_WARN_64_TO_32_BIT_CONVERSION = YES;
				GCC_WARN_ABOUT_RETURN_TYPE = YES;
				GCC_WARN_UNUSED_VARIABLE = YES;
				MACOSX_DEPLOYMENT_TARGET = 10.6;
				ONLY_ACTIVE_ARCH = YES;
				SDKROOT = macosx;
			};
			name = Debug;
		};
		4E892AF9136949310021CDF4 /* Release */ = {
			isa = XCBuildConfiguration;
			buildSettings = {
				ARCHS = "$(ARCHS_STANDARD_32_64_BIT)";
				GCC_C_LANGUAGE_STANDARD = gnu99;
				GCC_VERSION = com.apple.compilers.llvm.clang.1_0;
				GCC_WARN_64_TO_32_BIT_CONVERSION = YES;
				GCC_WARN_ABOUT_RETURN_TYPE = YES;
				GCC_WARN_UNUSED_VARIABLE = YES;
				MACOSX_DEPLOYMENT_TARGET = 10.6;
				SDKROOT = macosx;
			};
			name = Release;
		};
		4E892AFB136949310021CDF4 /* Debug */ = {
			isa = XCBuildConfiguration;
			buildSettings = {
				ALWAYS_SEARCH_USER_PATHS = NO;
				COPY_PHASE_STRIP = NO;
				GCC_DYNAMIC_NO_PIC = NO;
				GCC_ENABLE_OBJC_EXCEPTIONS = YES;
				GCC_PRECOMPILE_PREFIX_HEADER = YES;
				GCC_PREFIX_HEADER = "Lab1Rehash/Lab1Rehash-Prefix.pch";
				INFOPLIST_FILE = "Lab1Rehash/Lab1Rehash-Info.plist";
				PRODUCT_NAME = "$(TARGET_NAME)";
				WRAPPER_EXTENSION = app;
			};
			name = Debug;
		};
		4E892AFC136949310021CDF4 /* Release */ = {
			isa = XCBuildConfiguration;
			buildSettings = {
				ALWAYS_SEARCH_USER_PATHS = NO;
				COPY_PHASE_STRIP = YES;
				DEBUG_INFORMATION_FORMAT = "dwarf-with-dsym";
				GCC_ENABLE_OBJC_EXCEPTIONS = YES;
				GCC_PRECOMPILE_PREFIX_HEADER = YES;
				GCC_PREFIX_HEADER = "Lab1Rehash/Lab1Rehash-Prefix.pch";
				INFOPLIST_FILE = "Lab1Rehash/Lab1Rehash-Info.plist";
				PRODUCT_NAME = "$(TARGET_NAME)";
				WRAPPER_EXTENSION = app;
			};
			name = Release;
		};
/* End XCBuildConfiguration section */

/* Begin XCConfigurationList section */
		4E892AD6136949300021CDF4 /* Build configuration list for PBXProject "Lab1Rehash" */ = {
			isa = XCConfigurationList;
			buildConfigurations = (
				4E892AF8136949310021CDF4 /* Debug */,
				4E892AF9136949310021CDF4 /* Release */,
			);
			defaultConfigurationIsVisible = 0;
			defaultConfigurationName = Release;
		};
		4E892AFA136949310021CDF4 /* Build configuration list for PBXNativeTarget "Lab1Rehash" */ = {
			isa = XCConfigurationList;
			buildConfigurations = (
				4E892AFB136949310021CDF4 /* Debug */,
				4E892AFC136949310021CDF4 /* Release */,
			);
			defaultConfigurationIsVisible = 0;
			defaultConfigurationName = Release;
		};
/* End XCConfigurationList section */
	};
	rootObject = 4E892AD3136949300021CDF4 /* Project object */;
}
